<?xml version="1.0" encoding="utf-8"?>
<Project ToolsVersion="4.0" xmlns="http://schemas.microsoft.com/developer/msbuild/2003">
  <ItemGroup>
    <Filter Include="Source Files">
      <UniqueIdentifier>{4FC737F1-C7A5-4376-A066-2A32D752A2FF}</UniqueIdentifier>
      <Extensions>cpp;c;cc;cxx;def;odl;idl;hpj;bat;asm;asmx</Extensions>
    </Filter>
    <Filter Include="Header Files">
      <UniqueIdentifier>{93995380-89BD-4b04-88EB-625FBE52EBFB}</UniqueIdentifier>
      <Extensions>h;hpp;hxx;hm;inl;inc;xsd</Extensions>
    </Filter>
    <Filter Include="Resource Files">
      <UniqueIdentifier>{67DA6AB6-F800-4c08-8B7A-83BB121AAD01}</UniqueIdentifier>
      <Extensions>rc;ico;cur;bmp;dlg;rc2;rct;bin;rgs;gif;jpg;jpeg;jpe;resx;tiff;tif;png;wav;mfcribbon-ms</Extensions>
    </Filter>
  </ItemGroup>
  <ItemGroup>
    <ClCompile Include="..\sysmemmap.cc">
      <Filter>Source Files</Filter>
    </ClCompile>
    <ClCompile Include="..\sysstring.cc">
      <Filter>Source Files</Filter>
    </ClCompile>
    <ClCompile Include="..\fstream.cc">
      <Filter>Source Files</Filter>
    </ClCompile>
    <ClCompile Include="..\sysio.cc">
      <Filter>Source Files</Filter>
    </ClCompile>
    <ClCompile Include="..\syserror.cc">
      <Filter>Source Files</Filter>
    </ClCompile>
    <ClCompile Include="..\timer.cc">
      <Filter>Source Files</Filter>
    </ClCompile>
    <ClCompile Include="..\sysfs.cc">
      <Filter>Source Files</Filter>
    </ClCompile>
    <ClCompile Include="..\membuf.cc">
      <Filter>Source Files</Filter>
    </ClCompile>
  </ItemGroup>
  <ItemGroup>
    <ClInclude Include="..\sysmemmap.h">
      <Filter>Header Files</Filter>
    </ClInclude>
    <ClInclude Include="..\sysstring.h">
      <Filter>Header Files</Filter>
    </ClInclude>
    <ClInclude Include="..\sysmmdetail.h">
      <Filter>Header Files</Filter>
    </ClInclude>
    <ClInclude Include="..\fstream.hpp">
      <Filter>Header Files</Filter>
    </ClInclude>
    <ClInclude Include="..\sysio.h">
      <Filter>Header Files</Filter>
    </ClInclude>
    <ClInclude Include="..\syserror.h">
      <Filter>Header Files</Filter>
    </ClInclude>
    <ClInclude Include="..\sysenv.h">
      <Filter>Header Files</Filter>
    </ClInclude>
    <ClInclude Include="..\sysdll.h">
      <Filter>Header Files</Filter>
    </ClInclude>
    <ClInclude Include="..\clipboard.hpp">
      <Filter>Header Files</Filter>
    </ClInclude>
    <ClInclude Include="..\binio.h">
      <Filter>Header Files</Filter>
    </ClInclude>
    <ClInclude Include="..\bindata.h">
      <Filter>Header Files</Filter>
    </ClInclude>
    <ClInclude Include="..\timer.hpp">
      <Filter>Header Files</Filter>
    </ClInclude>
    <ClInclude Include="..\syshandle.h">
      <Filter>Header Files</Filter>
    </ClInclude>
    <ClInclude Include="..\sysfs.h">
      <Filter>Header Files</Filter>
    </ClInclude>
    <ClInclude Include="..\registry.hpp">
      <Filter>Header Files</Filter>
    </ClInclude>
    <ClInclude Include="..\winmem.hpp">
      <Filter>Header Files</Filter>
    </ClInclude>
    <ClInclude Include="..\icase.h">
      <Filter>Header Files</Filter>
    </ClInclude>
    <ClInclude Include="..\refcount_ptr.h">
      <Filter>Header Files</Filter>
    </ClInclude>
    <ClInclude Include="..\sysdef.h">
      <Filter>Header Files</Filter>
    </ClInclude>
    <ClInclude Include="..\sysatomic.h">
      <Filter>Header Files</Filter>
    </ClInclude>
    <ClInclude Include="..\membuf.hpp">
      <Filter>Header Files</Filter>
    </ClInclude>
  </ItemGroup>
  <ItemGroup>
    <None Include="..\README" />
  </ItemGroup>
</Project>
