
Microsoft Visual Studio Solution File, Format Version 11.00
# Visual Studio 2010
Project("{8BC9CEB8-8B4A-11D0-8D11-00A0C91BC942}") = "sys++", "sys++.vcxproj", "{99FB7C0D-DE8D-4730-B2C6-3B023236A935}"
EndProject
Project("{8BC9CEB8-8B4A-11D0-8D11-00A0C91BC942}") = "test", "test\test.vcxproj", "{187F75D0-9813-42FA-AF38-58A3F6A6C826}"
	ProjectSection(ProjectDependencies) = postProject
		{99FB7C0D-DE8D-4730-B2C6-3B023236A935} = {99FB7C0D-DE8D-4730-B2C6-3B023236A935}
	EndProjectSection
EndProject
Global
	GlobalSection(SolutionConfigurationPlatforms) = preSolution
		Debug|Win32 = Debug|Win32
		DLL_CRTDLL_Release|Win32 = DLL_CRTDLL_Release|Win32
		LIB_CRTDLL_Debug|Win32 = LIB_CRTDLL_Debug|Win32
		LIB_CRTDLL_Release|Win32 = LIB_CRTDLL_Release|Win32
		LIB_CRTLIB_Debug|Win32 = LIB_CRTLIB_Debug|Win32
		LIB_CRTLIB_Release|Win32 = LIB_CRTLIB_Release|Win32
		Release|Win32 = Release|Win32
	EndGlobalSection
	GlobalSection(ProjectConfigurationPlatforms) = postSolution
		{99FB7C0D-DE8D-4730-B2C6-3B023236A935}.Debug|Win32.ActiveCfg = LIB_CRTLIB_Debug|Win32
		{99FB7C0D-DE8D-4730-B2C6-3B023236A935}.Debug|Win32.Build.0 = LIB_CRTLIB_Debug|Win32
		{99FB7C0D-DE8D-4730-B2C6-3B023236A935}.DLL_CRTDLL_Release|Win32.ActiveCfg = DLL_CRTDLL_Release|Win32
		{99FB7C0D-DE8D-4730-B2C6-3B023236A935}.DLL_CRTDLL_Release|Win32.Build.0 = DLL_CRTDLL_Release|Win32
		{99FB7C0D-DE8D-4730-B2C6-3B023236A935}.LIB_CRTDLL_Debug|Win32.ActiveCfg = LIB_CRTDLL_Debug|Win32
		{99FB7C0D-DE8D-4730-B2C6-3B023236A935}.LIB_CRTDLL_Debug|Win32.Build.0 = LIB_CRTDLL_Debug|Win32
		{99FB7C0D-DE8D-4730-B2C6-3B023236A935}.LIB_CRTDLL_Release|Win32.ActiveCfg = LIB_CRTDLL_Release|Win32
		{99FB7C0D-DE8D-4730-B2C6-3B023236A935}.LIB_CRTDLL_Release|Win32.Build.0 = LIB_CRTDLL_Release|Win32
		{99FB7C0D-DE8D-4730-B2C6-3B023236A935}.LIB_CRTLIB_Debug|Win32.ActiveCfg = LIB_CRTLIB_Debug|Win32
		{99FB7C0D-DE8D-4730-B2C6-3B023236A935}.LIB_CRTLIB_Debug|Win32.Build.0 = LIB_CRTLIB_Debug|Win32
		{99FB7C0D-DE8D-4730-B2C6-3B023236A935}.LIB_CRTLIB_Release|Win32.ActiveCfg = LIB_CRTLIB_Release|Win32
		{99FB7C0D-DE8D-4730-B2C6-3B023236A935}.LIB_CRTLIB_Release|Win32.Build.0 = LIB_CRTLIB_Release|Win32
		{99FB7C0D-DE8D-4730-B2C6-3B023236A935}.Release|Win32.ActiveCfg = LIB_CRTLIB_Release|Win32
		{99FB7C0D-DE8D-4730-B2C6-3B023236A935}.Release|Win32.Build.0 = LIB_CRTLIB_Release|Win32
		{187F75D0-9813-42FA-AF38-58A3F6A6C826}.Debug|Win32.ActiveCfg = Debug|Win32
		{187F75D0-9813-42FA-AF38-58A3F6A6C826}.Debug|Win32.Build.0 = Debug|Win32
		{187F75D0-9813-42FA-AF38-58A3F6A6C826}.DLL_CRTDLL_Release|Win32.ActiveCfg = Release|Win32
		{187F75D0-9813-42FA-AF38-58A3F6A6C826}.DLL_CRTDLL_Release|Win32.Build.0 = Release|Win32
		{187F75D0-9813-42FA-AF38-58A3F6A6C826}.LIB_CRTDLL_Debug|Win32.ActiveCfg = Release|Win32
		{187F75D0-9813-42FA-AF38-58A3F6A6C826}.LIB_CRTDLL_Debug|Win32.Build.0 = Release|Win32
		{187F75D0-9813-42FA-AF38-58A3F6A6C826}.LIB_CRTDLL_Release|Win32.ActiveCfg = Release|Win32
		{187F75D0-9813-42FA-AF38-58A3F6A6C826}.LIB_CRTDLL_Release|Win32.Build.0 = Release|Win32
		{187F75D0-9813-42FA-AF38-58A3F6A6C826}.LIB_CRTLIB_Debug|Win32.ActiveCfg = Debug|Win32
		{187F75D0-9813-42FA-AF38-58A3F6A6C826}.LIB_CRTLIB_Debug|Win32.Build.0 = Debug|Win32
		{187F75D0-9813-42FA-AF38-58A3F6A6C826}.LIB_CRTLIB_Release|Win32.ActiveCfg = Release|Win32
		{187F75D0-9813-42FA-AF38-58A3F6A6C826}.LIB_CRTLIB_Release|Win32.Build.0 = Release|Win32
		{187F75D0-9813-42FA-AF38-58A3F6A6C826}.Release|Win32.ActiveCfg = Release|Win32
		{187F75D0-9813-42FA-AF38-58A3F6A6C826}.Release|Win32.Build.0 = Release|Win32
	EndGlobalSection
	GlobalSection(SolutionProperties) = preSolution
		HideSolutionNode = FALSE
	EndGlobalSection
EndGlobal
